// !$*UTF8*$!
{
	archiveVersion = 1;
	classes = {
	};
	objectVersion = 50;
	objects = {

/* Begin PBXBuildFile section */
		594A28882582569500820BBC /* Day7Solver.swift in Sources */ = {isa = PBXBuildFile; fileRef = 594A28872582569500820BBC /* Day7Solver.swift */; };
		59613017257E9198006F77B8 /* main.swift in Sources */ = {isa = PBXBuildFile; fileRef = 59613016257E9198006F77B8 /* main.swift */; };
		5961301F257E91AB006F77B8 /* Day1Solver.swift in Sources */ = {isa = PBXBuildFile; fileRef = 5961301E257E91AB006F77B8 /* Day1Solver.swift */; };
		59613022257E948E006F77B8 /* Day2Solver.swift in Sources */ = {isa = PBXBuildFile; fileRef = 59613021257E948E006F77B8 /* Day2Solver.swift */; };
		59613025257E9F56006F77B8 /* Day3Solver.swift in Sources */ = {isa = PBXBuildFile; fileRef = 59613024257E9F56006F77B8 /* Day3Solver.swift */; };
		59613028257EA035006F77B8 /* Utils.swift in Sources */ = {isa = PBXBuildFile; fileRef = 59613027257EA035006F77B8 /* Utils.swift */; };
		5961302B257EA7A6006F77B8 /* Day4Solver.swift in Sources */ = {isa = PBXBuildFile; fileRef = 5961302A257EA7A6006F77B8 /* Day4Solver.swift */; };
		5961302E257FDA19006F77B8 /* Day5Solver.swift in Sources */ = {isa = PBXBuildFile; fileRef = 5961302D257FDA19006F77B8 /* Day5Solver.swift */; };
		59B5DA0F2581329400D41B2F /* Day6Solver.swift in Sources */ = {isa = PBXBuildFile; fileRef = 59B5DA0E2581329400D41B2F /* Day6Solver.swift */; };
/* End PBXBuildFile section */

/* Begin PBXCopyFilesBuildPhase section */
		59613011257E9198006F77B8 /* CopyFiles */ = {
			isa = PBXCopyFilesBuildPhase;
			buildActionMask = 2147483647;
			dstPath = /usr/share/man/man1/;
			dstSubfolderSpec = 0;
			files = (
			);
			runOnlyForDeploymentPostprocessing = 1;
		};
/* End PBXCopyFilesBuildPhase section */

/* Begin PBXFileReference section */
		594A28872582569500820BBC /* Day7Solver.swift */ = {isa = PBXFileReference; lastKnownFileType = sourcecode.swift; path = Day7Solver.swift; sourceTree = "<group>"; };
		59613013257E9198006F77B8 /* AdventOfCode */ = {isa = PBXFileReference; explicitFileType = "compiled.mach-o.executable"; includeInIndex = 0; path = AdventOfCode; sourceTree = BUILT_PRODUCTS_DIR; };
		59613016257E9198006F77B8 /* main.swift */ = {isa = PBXFileReference; lastKnownFileType = sourcecode.swift; path = main.swift; sourceTree = "<group>"; };
		5961301E257E91AB006F77B8 /* Day1Solver.swift */ = {isa = PBXFileReference; lastKnownFileType = sourcecode.swift; path = Day1Solver.swift; sourceTree = "<group>"; };
		59613021257E948E006F77B8 /* Day2Solver.swift */ = {isa = PBXFileReference; lastKnownFileType = sourcecode.swift; path = Day2Solver.swift; sourceTree = "<group>"; };
		59613024257E9F56006F77B8 /* Day3Solver.swift */ = {isa = PBXFileReference; lastKnownFileType = sourcecode.swift; path = Day3Solver.swift; sourceTree = "<group>"; };
		59613027257EA035006F77B8 /* Utils.swift */ = {isa = PBXFileReference; lastKnownFileType = sourcecode.swift; path = Utils.swift; sourceTree = "<group>"; };
		5961302A257EA7A6006F77B8 /* Day4Solver.swift */ = {isa = PBXFileReference; lastKnownFileType = sourcecode.swift; path = Day4Solver.swift; sourceTree = "<group>"; };
		5961302D257FDA19006F77B8 /* Day5Solver.swift */ = {isa = PBXFileReference; lastKnownFileType = sourcecode.swift; path = Day5Solver.swift; sourceTree = "<group>"; };
		59B5DA0E2581329400D41B2F /* Day6Solver.swift */ = {isa = PBXFileReference; lastKnownFileType = sourcecode.swift; path = Day6Solver.swift; sourceTree = "<group>"; };
/* End PBXFileReference section */

/* Begin PBXFrameworksBuildPhase section */
		59613010257E9198006F77B8 /* Frameworks */ = {
			isa = PBXFrameworksBuildPhase;
			buildActionMask = 2147483647;
			files = (
			);
			runOnlyForDeploymentPostprocessing = 0;
		};
/* End PBXFrameworksBuildPhase section */

/* Begin PBXGroup section */
		5961300A257E9198006F77B8 = {
			isa = PBXGroup;
			children = (
				59613015257E9198006F77B8 /* AdventOfCode */,
				59613014257E9198006F77B8 /* Products */,
			);
			sourceTree = "<group>";
		};
		59613014257E9198006F77B8 /* Products */ = {
			isa = PBXGroup;
			children = (
				59613013257E9198006F77B8 /* AdventOfCode */,
			);
			name = Products;
			sourceTree = "<group>";
		};
		59613015257E9198006F77B8 /* AdventOfCode */ = {
			isa = PBXGroup;
			children = (
				59613016257E9198006F77B8 /* main.swift */,
				5961301E257E91AB006F77B8 /* Day1Solver.swift */,
				59613021257E948E006F77B8 /* Day2Solver.swift */,
				59613024257E9F56006F77B8 /* Day3Solver.swift */,
				59613027257EA035006F77B8 /* Utils.swift */,
				5961302A257EA7A6006F77B8 /* Day4Solver.swift */,
				5961302D257FDA19006F77B8 /* Day5Solver.swift */,
				59B5DA0E2581329400D41B2F /* Day6Solver.swift */,
				594A28872582569500820BBC /* Day7Solver.swift */,
			);
			path = AdventOfCode;
			sourceTree = "<group>";
		};
/* End PBXGroup section */

/* Begin PBXNativeTarget section */
		59613012257E9198006F77B8 /* AdventOfCode */ = {
			isa = PBXNativeTarget;
			buildConfigurationList = 5961301A257E9198006F77B8 /* Build configuration list for PBXNativeTarget "AdventOfCode" */;
			buildPhases = (
				5961300F257E9198006F77B8 /* Sources */,
				59613010257E9198006F77B8 /* Frameworks */,
				59613011257E9198006F77B8 /* CopyFiles */,
			);
			buildRules = (
			);
			dependencies = (
			);
			name = AdventOfCode;
			productName = AdventOfCode;
			productReference = 59613013257E9198006F77B8 /* AdventOfCode */;
			productType = "com.apple.product-type.tool";
		};
/* End PBXNativeTarget section */

/* Begin PBXProject section */
		5961300B257E9198006F77B8 /* Project object */ = {
			isa = PBXProject;
			attributes = {
				LastSwiftUpdateCheck = 1220;
				LastUpgradeCheck = 1220;
				TargetAttributes = {
					59613012257E9198006F77B8 = {
						CreatedOnToolsVersion = 12.2;
					};
				};
			};
			buildConfigurationList = 5961300E257E9198006F77B8 /* Build configuration list for PBXProject "AdventOfCode" */;
			compatibilityVersion = "Xcode 9.3";
			developmentRegion = en;
			hasScannedForEncodings = 0;
			knownRegions = (
				en,
				Base,
			);
			mainGroup = 5961300A257E9198006F77B8;
			productRefGroup = 59613014257E9198006F77B8 /* Products */;
			projectDirPath = "";
			projectRoot = "";
			targets = (
				59613012257E9198006F77B8 /* AdventOfCode */,
			);
		};
/* End PBXProject section */

/* Begin PBXSourcesBuildPhase section */
		5961300F257E9198006F77B8 /* Sources */ = {
			isa = PBXSourcesBuildPhase;
			buildActionMask = 2147483647;
			files = (
				59613028257EA035006F77B8 /* Utils.swift in Sources */,
				59613017257E9198006F77B8 /* main.swift in Sources */,
				59B5DA0F2581329400D41B2F /* Day6Solver.swift in Sources */,
				5961302B257EA7A6006F77B8 /* Day4Solver.swift in Sources */,
				594A28882582569500820BBC /* Day7Solver.swift in Sources */,
				5961301F257E91AB006F77B8 /* Day1Solver.swift in Sources */,
				59613022257E948E006F77B8 /* Day2Solver.swift in Sources */,
				5961302E257FDA19006F77B8 /* Day5Solver.swift in Sources */,
				59613025257E9F56006F77B8 /* Day3Solver.swift in Sources */,
			);
			runOnlyForDeploymentPostprocessing = 0;
		};
/* End PBXSourcesBuildPhase section */

/* Begin XCBuildConfiguration section */
		59613018257E9198006F77B8 /* Debug */ = {
			isa = XCBuildConfiguration;
			buildSettings = {
				ALWAYS_SEARCH_USER_PATHS = NO;
				CLANG_ANALYZER_NONNULL = YES;
				CLANG_ANALYZER_NUMBER_OBJECT_CONVERSION = YES_AGGRESSIVE;
				CLANG_CXX_LANGUAGE_STANDARD = "gnu++14";
				CLANG_CXX_LIBRARY = "libc++";
				CLANG_ENABLE_MODULES = YES;
				CLANG_ENABLE_OBJC_ARC = YES;
				CLANG_ENABLE_OBJC_WEAK = YES;
				CLANG_WARN_BLOCK_CAPTURE_AUTORELEASING = YES;
				CLANG_WARN_BOOL_CONVERSION = YES;
				CLANG_WARN_COMMA = YES;
				CLANG_WARN_CONSTANT_CONVERSION = YES;
				CLANG_WARN_DEPRECATED_OBJC_IMPLEMENTATIONS = YES;
				CLANG_WARN_DIRECT_OBJC_ISA_USAGE = YES_ERROR;
				CLANG_WARN_DOCUMENTATION_COMMENTS = YES;
				CLANG_WARN_EMPTY_BODY = YES;
				CLANG_WARN_ENUM_CONVERSION = YES;
				CLANG_WARN_INFINITE_RECURSION = YES;
				CLANG_WARN_INT_CONVERSION = YES;
				CLANG_WARN_NON_LITERAL_NULL_CONVERSION = YES;
				CLANG_WARN_OBJC_IMPLICIT_RETAIN_SELF = YES;
				CLANG_WARN_OBJC_LITERAL_CONVERSION = YES;
				CLANG_WARN_OBJC_ROOT_CLASS = YES_ERROR;
				CLANG_WARN_QUOTED_INCLUDE_IN_FRAMEWORK_HEADER = YES;
				CLANG_WARN_RANGE_LOOP_ANALYSIS = YES;
				CLANG_WARN_STRICT_PROTOTYPES = YES;
				CLANG_WARN_SUSPICIOUS_MOVE = YES;
				CLANG_WARN_UNGUARDED_AVAILABILITY = YES_AGGRESSIVE;
				CLANG_WARN_UNREACHABLE_CODE = YES;
				CLANG_WARN__DUPLICATE_METHOD_MATCH = YES;
				COPY_PHASE_STRIP = NO;
				DEBUG_INFORMATION_FORMAT = dwarf;
				ENABLE_STRICT_OBJC_MSGSEND = YES;
				ENABLE_TESTABILITY = YES;
				GCC_C_LANGUAGE_STANDARD = gnu11;
				GCC_DYNAMIC_NO_PIC = NO;
				GCC_NO_COMMON_BLOCKS = YES;
				GCC_OPTIMIZATION_LEVEL = 0;
				GCC_PREPROCESSOR_DEFINITIONS = (
					"DEBUG=1",
					"$(inherited)",
				);
				GCC_WARN_64_TO_32_BIT_CONVERSION = YES;
				GCC_WARN_ABOUT_RETURN_TYPE = YES_ERROR;
				GCC_WARN_UNDECLARED_SELECTOR = YES;
				GCC_WARN_UNINITIALIZED_AUTOS = YES_AGGRESSIVE;
				GCC_WARN_UNUSED_FUNCTION = YES;
				GCC_WARN_UNUSED_VARIABLE = YES;
				MACOSX_DEPLOYMENT_TARGET = 11.0;
				MTL_ENABLE_DEBUG_INFO = INCLUDE_SOURCE;
				MTL_FAST_MATH = YES;
				ONLY_ACTIVE_ARCH = YES;
				SDKROOT = macosx;
				SWIFT_ACTIVE_COMPILATION_CONDITIONS = DEBUG;
				SWIFT_OPTIMIZATION_LEVEL = "-Onone";
			};
			name = Debug;
		};
		59613019257E9198006F77B8 /* Release */ = {
			isa = XCBuildConfiguration;
			buildSettings = {
				ALWAYS_SEARCH_USER_PATHS = NO;
				CLANG_ANALYZER_NONNULL = YES;
				CLANG_ANALYZER_NUMBER_OBJECT_CONVERSION = YES_AGGRESSIVE;
				CLANG_CXX_LANGUAGE_STANDARD = "gnu++14";
				CLANG_CXX_LIBRARY = "libc++";
				CLANG_ENABLE_MODULES = YES;
				CLANG_ENABLE_OBJC_ARC = YES;
				CLANG_ENABLE_OBJC_WEAK = YES;
				CLANG_WARN_BLOCK_CAPTURE_AUTORELEASING = YES;
				CLANG_WARN_BOOL_CONVERSION = YES;
				CLANG_WARN_COMMA = YES;
				CLANG_WARN_CONSTANT_CONVERSION = YES;
				CLANG_WARN_DEPRECATED_OBJC_IMPLEMENTATIONS = YES;
				CLANG_WARN_DIRECT_OBJC_ISA_USAGE = YES_ERROR;
				CLANG_WARN_DOCUMENTATION_COMMENTS = YES;
				CLANG_WARN_EMPTY_BODY = YES;
				CLANG_WARN_ENUM_CONVERSION = YES;
				CLANG_WARN_INFINITE_RECURSION = YES;
				CLANG_WARN_INT_CONVERSION = YES;
				CLANG_WARN_NON_LITERAL_NULL_CONVERSION = YES;
				CLANG_WARN_OBJC_IMPLICIT_RETAIN_SELF = YES;
				CLANG_WARN_OBJC_LITERAL_CONVERSION = YES;
				CLANG_WARN_OBJC_ROOT_CLASS = YES_ERROR;
				CLANG_WARN_QUOTED_INCLUDE_IN_FRAMEWORK_HEADER = YES;
				CLANG_WARN_RANGE_LOOP_ANALYSIS = YES;
				CLANG_WARN_STRICT_PROTOTYPES = YES;
				CLANG_WARN_SUSPICIOUS_MOVE = YES;
				CLANG_WARN_UNGUARDED_AVAILABILITY = YES_AGGRESSIVE;
				CLANG_WARN_UNREACHABLE_CODE = YES;
				CLANG_WARN__DUPLICATE_METHOD_MATCH = YES;
				COPY_PHASE_STRIP = NO;
				DEBUG_INFORMATION_FORMAT = "dwarf-with-dsym";
				ENABLE_NS_ASSERTIONS = NO;
				ENABLE_STRICT_OBJC_MSGSEND = YES;
				GCC_C_LANGUAGE_STANDARD = gnu11;
				GCC_NO_COMMON_BLOCKS = YES;
				GCC_WARN_64_TO_32_BIT_CONVERSION = YES;
				GCC_WARN_ABOUT_RETURN_TYPE = YES_ERROR;
				GCC_WARN_UNDECLARED_SELECTOR = YES;
				GCC_WARN_UNINITIALIZED_AUTOS = YES_AGGRESSIVE;
				GCC_WARN_UNUSED_FUNCTION = YES;
				GCC_WARN_UNUSED_VARIABLE = YES;
				MACOSX_DEPLOYMENT_TARGET = 11.0;
				MTL_ENABLE_DEBUG_INFO = NO;
				MTL_FAST_MATH = YES;
				SDKROOT = macosx;
				SWIFT_COMPILATION_MODE = wholemodule;
				SWIFT_OPTIMIZATION_LEVEL = "-O";
			};
			name = Release;
		};
		5961301B257E9198006F77B8 /* Debug */ = {
			isa = XCBuildConfiguration;
			buildSettings = {
				CODE_SIGN_STYLE = Automatic;
				DEVELOPMENT_TEAM = EXRGZ65CXR;
				ENABLE_HARDENED_RUNTIME = YES;
				PRODUCT_NAME = "$(TARGET_NAME)";
				SWIFT_VERSION = 5.0;
			};
			name = Debug;
		};
		5961301C257E9198006F77B8 /* Release */ = {
			isa = XCBuildConfiguration;
			buildSettings = {
				CODE_SIGN_STYLE = Automatic;
				DEVELOPMENT_TEAM = EXRGZ65CXR;
				ENABLE_HARDENED_RUNTIME = YES;
				PRODUCT_NAME = "$(TARGET_NAME)";
				SWIFT_VERSION = 5.0;
			};
			name = Release;
		};
/* End XCBuildConfiguration section */

/* Begin XCConfigurationList section */
		5961300E257E9198006F77B8 /* Build configuration list for PBXProject "AdventOfCode" */ = {
			isa = XCConfigurationList;
			buildConfigurations = (
				59613018257E9198006F77B8 /* Debug */,
				59613019257E9198006F77B8 /* Release */,
			);
			defaultConfigurationIsVisible = 0;
			defaultConfigurationName = Release;
		};
		5961301A257E9198006F77B8 /* Build configuration list for PBXNativeTarget "AdventOfCode" */ = {
			isa = XCConfigurationList;
			buildConfigurations = (
				5961301B257E9198006F77B8 /* Debug */,
				5961301C257E9198006F77B8 /* Release */,
			);
			defaultConfigurationIsVisible = 0;
			defaultConfigurationName = Release;
		};
/* End XCConfigurationList section */
	};
	rootObject = 5961300B257E9198006F77B8 /* Project object */;
}
